
Microsoft Visual Studio Solution File, Format Version 12.00
# Visual Studio Version 17
VisualStudioVersion = 17.11.35303.130
MinimumVisualStudioVersion = 10.0.40219.1
Project("{FAE04EC0-301F-11D3-BF4B-00C04F79EFBC}") = "ExpensesApp", "ExpensesApp\ExpensesApp.csproj", "{B7B3F492-4D4E-4DC4-BD36-876BC17F4599}"
EndProject
Global
	GlobalSection(SolutionConfigurationPlatforms) = preSolution
		Debug|Any CPU = Debug|Any CPU
		Release|Any CPU = Release|Any CPU
	EndGlobalSection
	GlobalSection(ProjectConfigurationPlatforms) = postSolution
		{B7B3F492-4D4E-4DC4-BD36-876BC17F4599}.Debug|Any CPU.ActiveCfg = Debug|Any CPU
		{B7B3F492-4D4E-4DC4-BD36-876BC17F4599}.Debug|Any CPU.Build.0 = Debug|Any CPU
		{B7B3F492-4D4E-4DC4-BD36-876BC17F4599}.Debug|Any CPU.Deploy.0 = Debug|Any CPU
		{B7B3F492-4D4E-4DC4-BD36-876BC17F4599}.Release|Any CPU.ActiveCfg = Release|Any CPU
		{B7B3F492-4D4E-4DC4-BD36-876BC17F4599}.Release|Any CPU.Build.0 = Release|Any CPU
		{B7B3F492-4D4E-4DC4-BD36-876BC17F4599}.Release|Any CPU.Deploy.0 = Release|Any CPU
	EndGlobalSection
	GlobalSection(SolutionProperties) = preSolution
		HideSolutionNode = FALSE
	EndGlobalSection
	GlobalSection(ExtensibilityGlobals) = postSolution
		SolutionGuid = {CF613D8E-0308-44A2-A6CD-2D7B2F2051FB}
	EndGlobalSection
EndGlobal
